
Microsoft Visual Studio Solution File, Format Version 12.00
# Visual Studio Version 17
VisualStudioVersion = 17.3.32929.385
MinimumVisualStudioVersion = 10.0.40219.1
Project("{FAE04EC0-301F-11D3-BF4B-00C04F79EFBC}") = "PinchukovLobutev9-14", "PinchukovLobutev9-14\PinchukovLobutev9-14.csproj", "{B1808228-5E75-4758-9E9D-6E14E788219C}"
EndProject
Project("{FAE04EC0-301F-11D3-BF4B-00C04F79EFBC}") = "TestPhinchukovLobutev9_14", "TestPhinchukovLobutev9_14\TestPhinchukovLobutev9_14.csproj", "{6B779003-CAD9-42BC-811B-62984253975E}"
EndProject
Global
	GlobalSection(SolutionConfigurationPlatforms) = preSolution
		Debug|Any CPU = Debug|Any CPU
		Release|Any CPU = Release|Any CPU
	EndGlobalSection
	GlobalSection(ProjectConfigurationPlatforms) = postSolution
		{B1808228-5E75-4758-9E9D-6E14E788219C}.Debug|Any CPU.ActiveCfg = Debug|Any CPU
		{B1808228-5E75-4758-9E9D-6E14E788219C}.Debug|Any CPU.Build.0 = Debug|Any CPU
		{B1808228-5E75-4758-9E9D-6E14E788219C}.Release|Any CPU.ActiveCfg = Release|Any CPU
		{B1808228-5E75-4758-9E9D-6E14E788219C}.Release|Any CPU.Build.0 = Release|Any CPU
		{6B779003-CAD9-42BC-811B-62984253975E}.Debug|Any CPU.ActiveCfg = Debug|Any CPU
		{6B779003-CAD9-42BC-811B-62984253975E}.Debug|Any CPU.Build.0 = Debug|Any CPU
		{6B779003-CAD9-42BC-811B-62984253975E}.Release|Any CPU.ActiveCfg = Release|Any CPU
		{6B779003-CAD9-42BC-811B-62984253975E}.Release|Any CPU.Build.0 = Release|Any CPU
	EndGlobalSection
	GlobalSection(SolutionProperties) = preSolution
		HideSolutionNode = FALSE
	EndGlobalSection
	GlobalSection(ExtensibilityGlobals) = postSolution
		SolutionGuid = {4CB74BF4-248E-4871-BE48-FD3F2DED3375}
	EndGlobalSection
EndGlobal
